
Microsoft Visual Studio Solution File, Format Version 12.00
# Visual Studio 15
VisualStudioVersion = 15.0.28307.1972
MinimumVisualStudioVersion = 10.0.40219.1
Project("{FAE04EC0-301F-11D3-BF4B-00C04F79EFBC}") = "var3", "var3\var3.csproj", "{EB16F566-5037-44CB-A10C-CFDBA2F15C70}"
EndProject
Global
	GlobalSection(SolutionConfigurationPlatforms) = preSolution
		Debug|Any CPU = Debug|Any CPU
		Release|Any CPU = Release|Any CPU
	EndGlobalSection
	GlobalSection(ProjectConfigurationPlatforms) = postSolution
		{EB16F566-5037-44CB-A10C-CFDBA2F15C70}.Debug|Any CPU.ActiveCfg = Debug|Any CPU
		{EB16F566-5037-44CB-A10C-CFDBA2F15C70}.Debug|Any CPU.Build.0 = Debug|Any CPU
		{EB16F566-5037-44CB-A10C-CFDBA2F15C70}.Release|Any CPU.ActiveCfg = Release|Any CPU
		{EB16F566-5037-44CB-A10C-CFDBA2F15C70}.Release|Any CPU.Build.0 = Release|Any CPU
	EndGlobalSection
	GlobalSection(SolutionProperties) = preSolution
		HideSolutionNode = FALSE
	EndGlobalSection
	GlobalSection(ExtensibilityGlobals) = postSolution
		SolutionGuid = {FDAE01BC-4361-4D44-991B-FA39463E271C}
	EndGlobalSection
EndGlobal
